github.com/alecthomas/template v0.0.0-20160405071501-a0175ee3bccc h1:cAKDfWh5VpdgMhJosfJnn5/FoN2SRZ4p7fJNX58YPaU=
github.com/alecthomas/template v0.0.0-20160405071501-a0175ee3bccc/go.mod h1:LOuyumcjzFXgccqObfd/Ljyb9UuFJ6TxHnclSeseNhc=
github.com/alecthomas/units v0.0.0-20151022065526-2efee857e7cf h1:qet1QNfXsQxTZqLG4oE62mJzwPIB8+Tee4RNCL9ulrY=
github.com/alecthomas/units v0.0.0-20151022065526-2efee857e7cf/go.mod h1:ybxpYRFXyAe+OPACYpWeL0wqObRcbAqCMya13uyzqw0=
github.com/fearful-symmetry/garlic v0.0.2 h1:IzBR7ixlcW1gpqRbFvdPlRhWvJtjihlIYuXrmAnVuho=
github.com/fearful-symmetry/garlic v0.0.2/go.mod h1:+hcj5tRGZdwY6RKMopfdnlMAMepQz4Nbaw7A12MCNWk=
github.com/fearful-symmetry/garlic v0.1.0 h1:lEtJI9jcrLGobGvf5VR7PpkmhaTW2uBEpdI/twH8E4U=
github.com/fearful-symmetry/garlic v0.1.0/go.mod h1:+hcj5tRGZdwY6RKMopfdnlMAMepQz4Nbaw7A12MCNWk=
github.com/google/go-cmp v0.2.0/go.mod h1:oXzfMopK8JAjlY9xF4vHSVASa0yLyX7SntLO5aqRK0M=
github.com/mdlayher/netlink v0.0.0-20180912140650-18e318c2e5d1 h1:pDJgDg70my00+GUR5Hu+tVnd939Z5eR/DGXNQqCCO74=
github.com/mdlayher/netlink v0.0.0-20180912140650-18e318c2e5d1/go.mod h1:a3TlQHkJH2m32RF224Z7LhD5N4mpyR8eUbCoYHywrwg=
golang.org/x/net v0.0.0-20170809000501-1c05540f6879 h1:0rFa7EaCGdQPmZVbo9F7MNF65b8dyzS6EUnXjs9Cllk=
golang.org/x/net v0.0.0-20170809000501-1c05540f6879/go.mod h1:mL1N/T3taQHkDXs73rZJwtUhF3w3ftmwwsq0BUmARs4=
golang.org/x/sys v0.0.0-20170809190605-e42485b6e20a/go.mod h1:STP8DvDyc/dI5b8T5hshtkjS+E42TnysNCUPdjciGhY=
gopkg.in/alecthomas/kingpin.v2 v2.2.6 h1:jMFz6MfLP0/4fUyZle81rXUoxOBFi19VUFKVDOQfozc=
gopkg.in/alecthomas/kingpin.v2 v2.2.6/go.mod h1:FMv+mEhP44yOT+4EoQTLFTRgOQ1FBLkstjWtayDeSgw=
